
Microsoft Visual Studio Solution File, Format Version 12.00
# Visual Studio Version 16
VisualStudioVersion = 16.0.32002.261
MinimumVisualStudioVersion = 10.0.40219.1
Project("{2150E333-8FDC-42A3-9474-1A3956D46DE8}") = "Services", "Services", "{E4766F6A-E0CF-40EC-A7D9-924172960B99}"
EndProject
Project("{2150E333-8FDC-42A3-9474-1A3956D46DE8}") = "Contacts", "Contacts", "{27174FEA-B4B9-4232-982C-1CBFE33BAD55}"
EndProject
Project("{FAE04EC0-301F-11D3-BF4B-00C04F79EFBC}") = "Contact.Api", "Services\Contacts\Contact.Api\Contact.Api.csproj", "{B9F90125-235D-40D3-9269-EC0F69053FA6}"
EndProject
Project("{FAE04EC0-301F-11D3-BF4B-00C04F79EFBC}") = "Contact.Infrastructure", "Services\Contacts\Contact.Infrastructure\Contact.Infrastructure.csproj", "{36DEB217-E2FB-44D8-AEEA-399F2C18F1FE}"
EndProject
Global
	GlobalSection(SolutionConfigurationPlatforms) = preSolution
		Debug|Any CPU = Debug|Any CPU
		Release|Any CPU = Release|Any CPU
	EndGlobalSection
	GlobalSection(ProjectConfigurationPlatforms) = postSolution
		{B9F90125-235D-40D3-9269-EC0F69053FA6}.Debug|Any CPU.ActiveCfg = Debug|Any CPU
		{B9F90125-235D-40D3-9269-EC0F69053FA6}.Debug|Any CPU.Build.0 = Debug|Any CPU
		{B9F90125-235D-40D3-9269-EC0F69053FA6}.Release|Any CPU.ActiveCfg = Release|Any CPU
		{B9F90125-235D-40D3-9269-EC0F69053FA6}.Release|Any CPU.Build.0 = Release|Any CPU
		{36DEB217-E2FB-44D8-AEEA-399F2C18F1FE}.Debug|Any CPU.ActiveCfg = Debug|Any CPU
		{36DEB217-E2FB-44D8-AEEA-399F2C18F1FE}.Debug|Any CPU.Build.0 = Debug|Any CPU
		{36DEB217-E2FB-44D8-AEEA-399F2C18F1FE}.Release|Any CPU.ActiveCfg = Release|Any CPU
		{36DEB217-E2FB-44D8-AEEA-399F2C18F1FE}.Release|Any CPU.Build.0 = Release|Any CPU
	EndGlobalSection
	GlobalSection(SolutionProperties) = preSolution
		HideSolutionNode = FALSE
	EndGlobalSection
	GlobalSection(NestedProjects) = preSolution
		{27174FEA-B4B9-4232-982C-1CBFE33BAD55} = {E4766F6A-E0CF-40EC-A7D9-924172960B99}
		{B9F90125-235D-40D3-9269-EC0F69053FA6} = {27174FEA-B4B9-4232-982C-1CBFE33BAD55}
		{36DEB217-E2FB-44D8-AEEA-399F2C18F1FE} = {27174FEA-B4B9-4232-982C-1CBFE33BAD55}
	EndGlobalSection
	GlobalSection(ExtensibilityGlobals) = postSolution
		SolutionGuid = {F0F850EF-5006-481D-A62C-6606A5ED92FE}
	EndGlobalSection
EndGlobal
